
Microsoft Visual Studio Solution File, Format Version 12.00
# Visual Studio Version 16
VisualStudioVersion = 16.0.31624.102
MinimumVisualStudioVersion = 10.0.40219.1
Project("{FAE04EC0-301F-11D3-BF4B-00C04F79EFBC}") = "T1_DASA1187921", "T1_DASA1187921\T1_DASA1187921.csproj", "{349C228F-F60B-4372-9D5B-AB4C54112C7E}"
EndProject
Global
	GlobalSection(SolutionConfigurationPlatforms) = preSolution
		Debug|Any CPU = Debug|Any CPU
		Release|Any CPU = Release|Any CPU
	EndGlobalSection
	GlobalSection(ProjectConfigurationPlatforms) = postSolution
		{349C228F-F60B-4372-9D5B-AB4C54112C7E}.Debug|Any CPU.ActiveCfg = Debug|Any CPU
		{349C228F-F60B-4372-9D5B-AB4C54112C7E}.Debug|Any CPU.Build.0 = Debug|Any CPU
		{349C228F-F60B-4372-9D5B-AB4C54112C7E}.Release|Any CPU.ActiveCfg = Release|Any CPU
		{349C228F-F60B-4372-9D5B-AB4C54112C7E}.Release|Any CPU.Build.0 = Release|Any CPU
	EndGlobalSection
	GlobalSection(SolutionProperties) = preSolution
		HideSolutionNode = FALSE
	EndGlobalSection
	GlobalSection(ExtensibilityGlobals) = postSolution
		SolutionGuid = {494666CF-3819-44E6-96C7-F1E9583F22A2}
	EndGlobalSection
EndGlobal
